// !$*UTF8*$!
{
	archiveVersion = 1;
	classes = {
	};
	objectVersion = 46;
	objects = {

/* Begin PBXAggregateTarget section */
		77354CF319C7DD8B006F750D /* Framework */ = {
			isa = PBXAggregateTarget;
			buildConfigurationList = 77354CF619C7DD8B006F750D /* Build configuration list for PBXAggregateTarget "Framework" */;
			buildPhases = (
				77354D0819C7E126006F750D /* MultiPlatform Build */,
			);
			dependencies = (
				77354CF819C7DD9A006F750D /* PBXTargetDependency */,
			);
			name = Framework;
			productName = Framework;
		};
/* End PBXAggregateTarget section */

/* Begin PBXBuildFile section */
		77062ECF19E8CB6300186334 /* CFSAssetStream.m in Sources */ = {isa = PBXBuildFile; fileRef = 77062ECE19E8CB6300186334 /* CFSAssetStream.m */; };
		77354CFA19C7E0E2006F750D /* CFSFolder.h in Copy Files */ = {isa = PBXBuildFile; fileRef = 77BEB37B19A69D2800D4BE80 /* CFSFolder.h */; };
		77354CFB19C7E0E2006F750D /* CFSVideo.h in Copy Files */ = {isa = PBXBuildFile; fileRef = 77BEB37819A69D2800D4BE80 /* CFSVideo.h */; };
		77354CFC19C7E0E2006F750D /* CFSItem.h in Copy Files */ = {isa = PBXBuildFile; fileRef = 77BEB37519A69D2800D4BE80 /* CFSItem.h */; };
		77354CFD19C7E0E2006F750D /* CFSContainer.h in Copy Files */ = {isa = PBXBuildFile; fileRef = 77BEB37219A69D2800D4BE80 /* CFSContainer.h */; };
		77354CFE19C7E0E2006F750D /* CFSPhoto.h in Copy Files */ = {isa = PBXBuildFile; fileRef = 77BEB36F19A69D2800D4BE80 /* CFSPhoto.h */; };
		77354CFF19C7E0E2006F750D /* CFSFile.h in Copy Files */ = {isa = PBXBuildFile; fileRef = 77BEB36C19A69D2800D4BE80 /* CFSFile.h */; };
		77354D0019C7E0E2006F750D /* CFSDocument.h in Copy Files */ = {isa = PBXBuildFile; fileRef = 77BEB36919A69D2800D4BE80 /* CFSDocument.h */; };
		77354D0119C7E0E2006F750D /* CFSAudio.h in Copy Files */ = {isa = PBXBuildFile; fileRef = 77BEB36619A69D2800D4BE80 /* CFSAudio.h */; };
		77354D0219C7E0E2006F750D /* CFSUser.h in Copy Files */ = {isa = PBXBuildFile; fileRef = 77BEB37E19A69E0200D4BE80 /* CFSUser.h */; };
		77354D0319C7E0E2006F750D /* CFSAccount.h in Copy Files */ = {isa = PBXBuildFile; fileRef = 77BEB38119A69F5300D4BE80 /* CFSAccount.h */; };
		77354D0419C7E0E2006F750D /* CFSSession.h in Copy Files */ = {isa = PBXBuildFile; fileRef = 77BEB38419A6A01A00D4BE80 /* CFSSession.h */; };
		77354D0519C7E0E2006F750D /* CFSFilesystem.h in Copy Files */ = {isa = PBXBuildFile; fileRef = 77BEB38719A6A8B600D4BE80 /* CFSFilesystem.h */; };
		77616EB319BFCFD3002C35E6 /* CoreData.framework in Frameworks */ = {isa = PBXBuildFile; fileRef = 77616EB119BFCF69002C35E6 /* CoreData.framework */; };
		77BEB33519A68F5C00D4BE80 /* Foundation.framework in Frameworks */ = {isa = PBXBuildFile; fileRef = 77BEB33419A68F5C00D4BE80 /* Foundation.framework */; };
		77BEB36819A69D2800D4BE80 /* CFSAudio.m in Sources */ = {isa = PBXBuildFile; fileRef = 77BEB36719A69D2800D4BE80 /* CFSAudio.m */; };
		77BEB36B19A69D2800D4BE80 /* CFSDocument.m in Sources */ = {isa = PBXBuildFile; fileRef = 77BEB36A19A69D2800D4BE80 /* CFSDocument.m */; };
		77BEB36E19A69D2800D4BE80 /* CFSFile.m in Sources */ = {isa = PBXBuildFile; fileRef = 77BEB36D19A69D2800D4BE80 /* CFSFile.m */; };
		77BEB37119A69D2800D4BE80 /* CFSPhoto.m in Sources */ = {isa = PBXBuildFile; fileRef = 77BEB37019A69D2800D4BE80 /* CFSPhoto.m */; };
		77BEB37419A69D2800D4BE80 /* CFSContainer.m in Sources */ = {isa = PBXBuildFile; fileRef = 77BEB37319A69D2800D4BE80 /* CFSContainer.m */; };
		77BEB37719A69D2800D4BE80 /* CFSItem.m in Sources */ = {isa = PBXBuildFile; fileRef = 77BEB37619A69D2800D4BE80 /* CFSItem.m */; };
		77BEB37A19A69D2800D4BE80 /* CFSVideo.m in Sources */ = {isa = PBXBuildFile; fileRef = 77BEB37919A69D2800D4BE80 /* CFSVideo.m */; };
		77BEB37D19A69D2800D4BE80 /* CFSFolder.m in Sources */ = {isa = PBXBuildFile; fileRef = 77BEB37C19A69D2800D4BE80 /* CFSFolder.m */; };
		77BEB38019A69E0200D4BE80 /* CFSUser.m in Sources */ = {isa = PBXBuildFile; fileRef = 77BEB37F19A69E0200D4BE80 /* CFSUser.m */; };
		77BEB38319A69F5300D4BE80 /* CFSAccount.m in Sources */ = {isa = PBXBuildFile; fileRef = 77BEB38219A69F5300D4BE80 /* CFSAccount.m */; };
		77BEB38619A6A01A00D4BE80 /* CFSSession.m in Sources */ = {isa = PBXBuildFile; fileRef = 77BEB38519A6A01A00D4BE80 /* CFSSession.m */; };
		77BEB38919A6A8B600D4BE80 /* CFSFilesystem.m in Sources */ = {isa = PBXBuildFile; fileRef = 77BEB38819A6A8B600D4BE80 /* CFSFilesystem.m */; };
		9D34ADA31AEA66EE00431978 /* CFSUserTests.m in Sources */ = {isa = PBXBuildFile; fileRef = 9D34ADA21AEA66EE00431978 /* CFSUserTests.m */; };
		9D4F49E01AD3ABD100FC3508 /* CFSError.m in Sources */ = {isa = PBXBuildFile; fileRef = 9D4F49DB1AD3ABD100FC3508 /* CFSError.m */; };
		9D4F49E21AD3ABD100FC3508 /* CFSErrorUtil.m in Sources */ = {isa = PBXBuildFile; fileRef = 9D4F49DF1AD3ABD100FC3508 /* CFSErrorUtil.m */; };
		9D7723691AD8091000C2F021 /* CFSFileTests.m in Sources */ = {isa = PBXBuildFile; fileRef = 9D7723681AD8091000C2F021 /* CFSFileTests.m */; };
		9D9932AD1AD24A7C0010B5F6 /* libCloudFS SDK.a in Frameworks */ = {isa = PBXBuildFile; fileRef = 77BEB33119A68F5C00D4BE80 /* libCloudFS SDK.a */; };
		9D9932BF1AD266A10010B5F6 /* CFSPlistReader.m in Sources */ = {isa = PBXBuildFile; fileRef = 9D9932BE1AD266A10010B5F6 /* CFSPlistReader.m */; };
		9DD65C011ADEAFF800ACE934 /* CFSShareTests.m in Sources */ = {isa = PBXBuildFile; fileRef = 9DD65C001ADEAFF800ACE934 /* CFSShareTests.m */; };
		9DFFFF711AE91FAC00013579 /* CFSAccountTests.m in Sources */ = {isa = PBXBuildFile; fileRef = 9DFFFF701AE91FAC00013579 /* CFSAccountTests.m */; };
		BDC562A119F03FB300D6481C /* CFSShare.m in Sources */ = {isa = PBXBuildFile; fileRef = BDC562A019F03FB300D6481C /* CFSShare.m */; };
		BDFF80A31A01B7C700F4667E /* CFSShare.h in Copy Files */ = {isa = PBXBuildFile; fileRef = BDC5629F19F03FB300D6481C /* CFSShare.h */; };
		CD3998A11AD7931D00641F6D /* CFSContainerTests.m in Sources */ = {isa = PBXBuildFile; fileRef = CD39989F1AD7931D00641F6D /* CFSContainerTests.m */; };
		CD3998A21AD7931D00641F6D /* CFSFolderTests.m in Sources */ = {isa = PBXBuildFile; fileRef = CD3998A01AD7931D00641F6D /* CFSFolderTests.m */; };
		CD5FABD31AD3A3AD000D4B94 /* CFSSessionTests.m in Sources */ = {isa = PBXBuildFile; fileRef = CD5FABD21AD3A3AD000D4B94 /* CFSSessionTests.m */; };
		CD61A88F1AE66180004D2B8E /* CFSBaseTests.m in Sources */ = {isa = PBXBuildFile; fileRef = CD61A88E1AE66180004D2B8E /* CFSBaseTests.m */; };
		CD725B541AEB2F3100ACC9EB /* CloudFSConfig.plist in Resources */ = {isa = PBXBuildFile; fileRef = CD725B531AEB2F3100ACC9EB /* CloudFSConfig.plist */; };
		CDCC6A121B0DA80B0089F565 /* CFSPlan.m in Sources */ = {isa = PBXBuildFile; fileRef = CDCC6A111B0DA80B0089F565 /* CFSPlan.m */; };
		CDDB32461B1EC8600031EECA /* CloudFSConfigTemplate.plist in Resources */ = {isa = PBXBuildFile; fileRef = CDDB32451B1EC8600031EECA /* CloudFSConfigTemplate.plist */; };
		CDF3FFC11ADE5AFF0092F4D0 /* CFSFileSystemTests.m in Sources */ = {isa = PBXBuildFile; fileRef = CDF3FFC01ADE5AFF0092F4D0 /* CFSFileSystemTests.m */; };
		CDF3FFC31ADEC7ED0092F4D0 /* CFSItemTests.m in Sources */ = {isa = PBXBuildFile; fileRef = CDF3FFC21ADEC7ED0092F4D0 /* CFSItemTests.m */; };
		F3338DBC1AD5D6CE00EE9083 /* CFSRestAdapter.m in Sources */ = {isa = PBXBuildFile; fileRef = F3338DB71AD5D6CE00EE9083 /* CFSRestAdapter.m */; };
		F3338DCE1AD63C9100EE9083 /* NSMutableDictionary+CFSRestAdditions.m in Sources */ = {isa = PBXBuildFile; fileRef = F3338DC91AD63C9100EE9083 /* NSMutableDictionary+CFSRestAdditions.m */; };
		F3338DCF1AD63C9100EE9083 /* NSString+CFSRestAdditions.m in Sources */ = {isa = PBXBuildFile; fileRef = F3338DCB1AD63C9100EE9083 /* NSString+CFSRestAdditions.m */; };
		F3338DD01AD63C9100EE9083 /* CFSURLRequestBuilder.m in Sources */ = {isa = PBXBuildFile; fileRef = F3338DCD1AD63C9100EE9083 /* CFSURLRequestBuilder.m */; };
		F38E7FB31ADE303700B6A448 /* CFSInputStream.m in Sources */ = {isa = PBXBuildFile; fileRef = F38E7FB01ADE303700B6A448 /* CFSInputStream.m */; };
		F38E7FB41ADE303700B6A448 /* CFSTransferManager.m in Sources */ = {isa = PBXBuildFile; fileRef = F38E7FB21ADE303700B6A448 /* CFSTransferManager.m */; };
		F38E7FBA1ADE967700B6A448 /* bitcasa-logo-test.png in Resources */ = {isa = PBXBuildFile; fileRef = F38E7FB91ADE967700B6A448 /* bitcasa-logo-test.png */; };
/* End PBXBuildFile section */

/* Begin PBXContainerItemProxy section */
		77354CF719C7DD9A006F750D /* PBXContainerItemProxy */ = {
			isa = PBXContainerItemProxy;
			containerPortal = 77BEB32919A68F5B00D4BE80 /* Project object */;
			proxyType = 1;
			remoteGlobalIDString = 77BEB33019A68F5C00D4BE80;
			remoteInfo = BitcasaSDK;
		};
		9D9932AE1AD24A7C0010B5F6 /* PBXContainerItemProxy */ = {
			isa = PBXContainerItemProxy;
			containerPortal = 77BEB32919A68F5B00D4BE80 /* Project object */;
			proxyType = 1;
			remoteGlobalIDString = 77BEB33019A68F5C00D4BE80;
			remoteInfo = BitcasaSDK;
		};
/* End PBXContainerItemProxy section */

/* Begin PBXCopyFilesBuildPhase section */
		77BEB32F19A68F5C00D4BE80 /* Copy Files */ = {
			isa = PBXCopyFilesBuildPhase;
			buildActionMask = 2147483647;
			dstPath = "include/$(PRODUCT_NAME)";
			dstSubfolderSpec = 16;
			files = (
				BDFF80A31A01B7C700F4667E /* CFSShare.h in Copy Files */,
				77354CFA19C7E0E2006F750D /* CFSFolder.h in Copy Files */,
				77354CFB19C7E0E2006F750D /* CFSVideo.h in Copy Files */,
				77354CFC19C7E0E2006F750D /* CFSItem.h in Copy Files */,
				77354CFD19C7E0E2006F750D /* CFSContainer.h in Copy Files */,
				77354CFE19C7E0E2006F750D /* CFSPhoto.h in Copy Files */,
				77354CFF19C7E0E2006F750D /* CFSFile.h in Copy Files */,
				77354D0019C7E0E2006F750D /* CFSDocument.h in Copy Files */,
				77354D0119C7E0E2006F750D /* CFSAudio.h in Copy Files */,
				77354D0219C7E0E2006F750D /* CFSUser.h in Copy Files */,
				77354D0319C7E0E2006F750D /* CFSAccount.h in Copy Files */,
				77354D0419C7E0E2006F750D /* CFSSession.h in Copy Files */,
				77354D0519C7E0E2006F750D /* CFSFilesystem.h in Copy Files */,
			);
			name = "Copy Files";
			runOnlyForDeploymentPostprocessing = 0;
		};
/* End PBXCopyFilesBuildPhase section */

/* Begin PBXFileReference section */
		77062ECD19E8CB6300186334 /* CFSAssetStream.h */ = {isa = PBXFileReference; fileEncoding = 4; lastKnownFileType = sourcecode.c.h; path = CFSAssetStream.h; sourceTree = "<group>"; };
		77062ECE19E8CB6300186334 /* CFSAssetStream.m */ = {isa = PBXFileReference; fileEncoding = 4; lastKnownFileType = sourcecode.c.objc; path = CFSAssetStream.m; sourceTree = "<group>"; };
		77616EB119BFCF69002C35E6 /* CoreData.framework */ = {isa = PBXFileReference; lastKnownFileType = wrapper.framework; name = CoreData.framework; path = System/Library/Frameworks/CoreData.framework; sourceTree = SDKROOT; };
		77616EB519BFD001002C35E6 /* UIKit.framework */ = {isa = PBXFileReference; lastKnownFileType = wrapper.framework; name = UIKit.framework; path = System/Library/Frameworks/UIKit.framework; sourceTree = SDKROOT; };
		77BEB33119A68F5C00D4BE80 /* libCloudFS SDK.a */ = {isa = PBXFileReference; explicitFileType = archive.ar; includeInIndex = 0; path = "libCloudFS SDK.a"; sourceTree = BUILT_PRODUCTS_DIR; };
		77BEB33419A68F5C00D4BE80 /* Foundation.framework */ = {isa = PBXFileReference; lastKnownFileType = wrapper.framework; name = Foundation.framework; path = System/Library/Frameworks/Foundation.framework; sourceTree = SDKROOT; };
		77BEB33819A68F5C00D4BE80 /* CloudFS SDK-Prefix.pch */ = {isa = PBXFileReference; lastKnownFileType = sourcecode.c.h; path = "CloudFS SDK-Prefix.pch"; sourceTree = "<group>"; };
		77BEB34219A68F5C00D4BE80 /* XCTest.framework */ = {isa = PBXFileReference; lastKnownFileType = wrapper.framework; name = XCTest.framework; path = Library/Frameworks/XCTest.framework; sourceTree = DEVELOPER_DIR; };
		77BEB36619A69D2800D4BE80 /* CFSAudio.h */ = {isa = PBXFileReference; fileEncoding = 4; lastKnownFileType = sourcecode.c.h; path = CFSAudio.h; sourceTree = "<group>"; };
		77BEB36719A69D2800D4BE80 /* CFSAudio.m */ = {isa = PBXFileReference; fileEncoding = 4; lastKnownFileType = sourcecode.c.objc; path = CFSAudio.m; sourceTree = "<group>"; };
		77BEB36919A69D2800D4BE80 /* CFSDocument.h */ = {isa = PBXFileReference; fileEncoding = 4; lastKnownFileType = sourcecode.c.h; path = CFSDocument.h; sourceTree = "<group>"; };
		77BEB36A19A69D2800D4BE80 /* CFSDocument.m */ = {isa = PBXFileReference; fileEncoding = 4; lastKnownFileType = sourcecode.c.objc; path = CFSDocument.m; sourceTree = "<group>"; };
		77BEB36C19A69D2800D4BE80 /* CFSFile.h */ = {isa = PBXFileReference; fileEncoding = 4; lastKnownFileType = sourcecode.c.h; path = CFSFile.h; sourceTree = "<group>"; };
		77BEB36D19A69D2800D4BE80 /* CFSFile.m */ = {isa = PBXFileReference; fileEncoding = 4; lastKnownFileType = sourcecode.c.objc; lineEnding = 1; path = CFSFile.m; sourceTree = "<group>"; };
		77BEB36F19A69D2800D4BE80 /* CFSPhoto.h */ = {isa = PBXFileReference; fileEncoding = 4; lastKnownFileType = sourcecode.c.h; path = CFSPhoto.h; sourceTree = "<group>"; };
		77BEB37019A69D2800D4BE80 /* CFSPhoto.m */ = {isa = PBXFileReference; fileEncoding = 4; lastKnownFileType = sourcecode.c.objc; path = CFSPhoto.m; sourceTree = "<group>"; };
		77BEB37219A69D2800D4BE80 /* CFSContainer.h */ = {isa = PBXFileReference; fileEncoding = 4; lastKnownFileType = sourcecode.c.h; path = CFSContainer.h; sourceTree = "<group>"; };
		77BEB37319A69D2800D4BE80 /* CFSContainer.m */ = {isa = PBXFileReference; fileEncoding = 4; lastKnownFileType = sourcecode.c.objc; path = CFSContainer.m; sourceTree = "<group>"; };
		77BEB37519A69D2800D4BE80 /* CFSItem.h */ = {isa = PBXFileReference; fileEncoding = 4; lastKnownFileType = sourcecode.c.h; path = CFSItem.h; sourceTree = "<group>"; };
		77BEB37619A69D2800D4BE80 /* CFSItem.m */ = {isa = PBXFileReference; fileEncoding = 4; lastKnownFileType = sourcecode.c.objc; path = CFSItem.m; sourceTree = "<group>"; };
		77BEB37819A69D2800D4BE80 /* CFSVideo.h */ = {isa = PBXFileReference; fileEncoding = 4; lastKnownFileType = sourcecode.c.h; path = CFSVideo.h; sourceTree = "<group>"; };
		77BEB37919A69D2800D4BE80 /* CFSVideo.m */ = {isa = PBXFileReference; fileEncoding = 4; lastKnownFileType = sourcecode.c.objc; path = CFSVideo.m; sourceTree = "<group>"; };
		77BEB37B19A69D2800D4BE80 /* CFSFolder.h */ = {isa = PBXFileReference; fileEncoding = 4; lastKnownFileType = sourcecode.c.h; path = CFSFolder.h; sourceTree = "<group>"; };
		77BEB37C19A69D2800D4BE80 /* CFSFolder.m */ = {isa = PBXFileReference; fileEncoding = 4; lastKnownFileType = sourcecode.c.objc; path = CFSFolder.m; sourceTree = "<group>"; };
		77BEB37E19A69E0200D4BE80 /* CFSUser.h */ = {isa = PBXFileReference; fileEncoding = 4; lastKnownFileType = sourcecode.c.h; path = CFSUser.h; sourceTree = "<group>"; };
		77BEB37F19A69E0200D4BE80 /* CFSUser.m */ = {isa = PBXFileReference; fileEncoding = 4; lastKnownFileType = sourcecode.c.objc; path = CFSUser.m; sourceTree = "<group>"; };
		77BEB38119A69F5300D4BE80 /* CFSAccount.h */ = {isa = PBXFileReference; fileEncoding = 4; lastKnownFileType = sourcecode.c.h; path = CFSAccount.h; sourceTree = "<group>"; };
		77BEB38219A69F5300D4BE80 /* CFSAccount.m */ = {isa = PBXFileReference; fileEncoding = 4; lastKnownFileType = sourcecode.c.objc; path = CFSAccount.m; sourceTree = "<group>"; };
		77BEB38419A6A01A00D4BE80 /* CFSSession.h */ = {isa = PBXFileReference; fileEncoding = 4; lastKnownFileType = sourcecode.c.h; path = CFSSession.h; sourceTree = "<group>"; };
		77BEB38519A6A01A00D4BE80 /* CFSSession.m */ = {isa = PBXFileReference; fileEncoding = 4; lastKnownFileType = sourcecode.c.objc; path = CFSSession.m; sourceTree = "<group>"; };
		77BEB38719A6A8B600D4BE80 /* CFSFilesystem.h */ = {isa = PBXFileReference; fileEncoding = 4; lastKnownFileType = sourcecode.c.h; path = CFSFilesystem.h; sourceTree = "<group>"; };
		77BEB38819A6A8B600D4BE80 /* CFSFilesystem.m */ = {isa = PBXFileReference; fileEncoding = 4; lastKnownFileType = sourcecode.c.objc; path = CFSFilesystem.m; sourceTree = "<group>"; };
		9D34ADA21AEA66EE00431978 /* CFSUserTests.m */ = {isa = PBXFileReference; fileEncoding = 4; lastKnownFileType = sourcecode.c.objc; path = CFSUserTests.m; sourceTree = "<group>"; };
		9D4F49DA1AD3ABD100FC3508 /* CFSError.h */ = {isa = PBXFileReference; fileEncoding = 4; lastKnownFileType = sourcecode.c.h; path = CFSError.h; sourceTree = "<group>"; };
		9D4F49DB1AD3ABD100FC3508 /* CFSError.m */ = {isa = PBXFileReference; fileEncoding = 4; lastKnownFileType = sourcecode.c.objc; path = CFSError.m; sourceTree = "<group>"; };
		9D4F49DE1AD3ABD100FC3508 /* CFSErrorUtil.h */ = {isa = PBXFileReference; fileEncoding = 4; lastKnownFileType = sourcecode.c.h; path = CFSErrorUtil.h; sourceTree = "<group>"; };
		9D4F49DF1AD3ABD100FC3508 /* CFSErrorUtil.m */ = {isa = PBXFileReference; fileEncoding = 4; lastKnownFileType = sourcecode.c.objc; path = CFSErrorUtil.m; sourceTree = "<group>"; };
		9D7723681AD8091000C2F021 /* CFSFileTests.m */ = {isa = PBXFileReference; fileEncoding = 4; lastKnownFileType = sourcecode.c.objc; path = CFSFileTests.m; sourceTree = "<group>"; };
		9D9932A71AD24A7C0010B5F6 /* CloudFS SDK Tests.xctest */ = {isa = PBXFileReference; explicitFileType = wrapper.cfbundle; includeInIndex = 0; path = "CloudFS SDK Tests.xctest"; sourceTree = BUILT_PRODUCTS_DIR; };
		9D9932AA1AD24A7C0010B5F6 /* Info.plist */ = {isa = PBXFileReference; lastKnownFileType = text.plist.xml; path = Info.plist; sourceTree = "<group>"; };
		9D9932B71AD250D20010B5F6 /* CoreFoundation.framework */ = {isa = PBXFileReference; lastKnownFileType = wrapper.framework; name = CoreFoundation.framework; path = System/Library/Frameworks/CoreFoundation.framework; sourceTree = SDKROOT; };
		9D9932BD1AD266A10010B5F6 /* CFSPlistReader.h */ = {isa = PBXFileReference; fileEncoding = 4; lastKnownFileType = sourcecode.c.h; path = CFSPlistReader.h; sourceTree = "<group>"; };
		9D9932BE1AD266A10010B5F6 /* CFSPlistReader.m */ = {isa = PBXFileReference; fileEncoding = 4; lastKnownFileType = sourcecode.c.objc; path = CFSPlistReader.m; sourceTree = "<group>"; };
		9DD65C001ADEAFF800ACE934 /* CFSShareTests.m */ = {isa = PBXFileReference; fileEncoding = 4; lastKnownFileType = sourcecode.c.objc; path = CFSShareTests.m; sourceTree = "<group>"; };
		9DFFFF701AE91FAC00013579 /* CFSAccountTests.m */ = {isa = PBXFileReference; fileEncoding = 4; lastKnownFileType = sourcecode.c.objc; path = CFSAccountTests.m; sourceTree = "<group>"; };
		BDC5629F19F03FB300D6481C /* CFSShare.h */ = {isa = PBXFileReference; fileEncoding = 4; lastKnownFileType = sourcecode.c.h; path = CFSShare.h; sourceTree = "<group>"; };
		BDC562A019F03FB300D6481C /* CFSShare.m */ = {isa = PBXFileReference; fileEncoding = 4; lastKnownFileType = sourcecode.c.objc; path = CFSShare.m; sourceTree = "<group>"; };
		CD39989F1AD7931D00641F6D /* CFSContainerTests.m */ = {isa = PBXFileReference; fileEncoding = 4; lastKnownFileType = sourcecode.c.objc; path = CFSContainerTests.m; sourceTree = "<group>"; };
		CD3998A01AD7931D00641F6D /* CFSFolderTests.m */ = {isa = PBXFileReference; fileEncoding = 4; lastKnownFileType = sourcecode.c.objc; path = CFSFolderTests.m; sourceTree = "<group>"; };
		CD5FABD21AD3A3AD000D4B94 /* CFSSessionTests.m */ = {isa = PBXFileReference; fileEncoding = 4; lastKnownFileType = sourcecode.c.objc; path = CFSSessionTests.m; sourceTree = "<group>"; };
		CD61A88E1AE66180004D2B8E /* CFSBaseTests.m */ = {isa = PBXFileReference; fileEncoding = 4; lastKnownFileType = sourcecode.c.objc; path = CFSBaseTests.m; sourceTree = "<group>"; };
		CD61A8901AE6700E004D2B8E /* CFSBaseTests.h */ = {isa = PBXFileReference; lastKnownFileType = sourcecode.c.h; path = CFSBaseTests.h; sourceTree = "<group>"; };
		CD725B531AEB2F3100ACC9EB /* CloudFSConfig.plist */ = {isa = PBXFileReference; fileEncoding = 4; lastKnownFileType = text.plist.xml; path = CloudFSConfig.plist; sourceTree = "<group>"; };
		CDCC6A101B0DA80B0089F565 /* CFSPlan.h */ = {isa = PBXFileReference; fileEncoding = 4; lastKnownFileType = sourcecode.c.h; path = CFSPlan.h; sourceTree = "<group>"; };
		CDCC6A111B0DA80B0089F565 /* CFSPlan.m */ = {isa = PBXFileReference; fileEncoding = 4; lastKnownFileType = sourcecode.c.objc; path = CFSPlan.m; sourceTree = "<group>"; };
		CDDB32451B1EC8600031EECA /* CloudFSConfigTemplate.plist */ = {isa = PBXFileReference; fileEncoding = 4; lastKnownFileType = text.plist.xml; path = CloudFSConfigTemplate.plist; sourceTree = "<group>"; };
		CDF3FFC01ADE5AFF0092F4D0 /* CFSFileSystemTests.m */ = {isa = PBXFileReference; fileEncoding = 4; lastKnownFileType = sourcecode.c.objc; path = CFSFileSystemTests.m; sourceTree = "<group>"; };
		CDF3FFC21ADEC7ED0092F4D0 /* CFSItemTests.m */ = {isa = PBXFileReference; fileEncoding = 4; lastKnownFileType = sourcecode.c.objc; path = CFSItemTests.m; sourceTree = "<group>"; };
		F3338DB61AD5D6CE00EE9083 /* CFSRestAdapter.h */ = {isa = PBXFileReference; fileEncoding = 4; lastKnownFileType = sourcecode.c.h; path = CFSRestAdapter.h; sourceTree = "<group>"; };
		F3338DB71AD5D6CE00EE9083 /* CFSRestAdapter.m */ = {isa = PBXFileReference; fileEncoding = 4; lastKnownFileType = sourcecode.c.objc; path = CFSRestAdapter.m; sourceTree = "<group>"; };
		F3338DC81AD63C9100EE9083 /* NSMutableDictionary+CFSRestAdditions.h */ = {isa = PBXFileReference; fileEncoding = 4; lastKnownFileType = sourcecode.c.h; path = "NSMutableDictionary+CFSRestAdditions.h"; sourceTree = "<group>"; };
		F3338DC91AD63C9100EE9083 /* NSMutableDictionary+CFSRestAdditions.m */ = {isa = PBXFileReference; fileEncoding = 4; lastKnownFileType = sourcecode.c.objc; path = "NSMutableDictionary+CFSRestAdditions.m"; sourceTree = "<group>"; };
		F3338DCA1AD63C9100EE9083 /* NSString+CFSRestAdditions.h */ = {isa = PBXFileReference; fileEncoding = 4; lastKnownFileType = sourcecode.c.h; path = "NSString+CFSRestAdditions.h"; sourceTree = "<group>"; };
		F3338DCB1AD63C9100EE9083 /* NSString+CFSRestAdditions.m */ = {isa = PBXFileReference; fileEncoding = 4; lastKnownFileType = sourcecode.c.objc; path = "NSString+CFSRestAdditions.m"; sourceTree = "<group>"; };
		F3338DCC1AD63C9100EE9083 /* CFSURLRequestBuilder.h */ = {isa = PBXFileReference; fileEncoding = 4; lastKnownFileType = sourcecode.c.h; path = CFSURLRequestBuilder.h; sourceTree = "<group>"; };
		F3338DCD1AD63C9100EE9083 /* CFSURLRequestBuilder.m */ = {isa = PBXFileReference; fileEncoding = 4; lastKnownFileType = sourcecode.c.objc; path = CFSURLRequestBuilder.m; sourceTree = "<group>"; };
		F38E7FAF1ADE303700B6A448 /* CFSInputStream.h */ = {isa = PBXFileReference; fileEncoding = 4; lastKnownFileType = sourcecode.c.h; path = CFSInputStream.h; sourceTree = "<group>"; };
		F38E7FB01ADE303700B6A448 /* CFSInputStream.m */ = {isa = PBXFileReference; fileEncoding = 4; lastKnownFileType = sourcecode.c.objc; path = CFSInputStream.m; sourceTree = "<group>"; };
		F38E7FB11ADE303700B6A448 /* CFSTransferManager.h */ = {isa = PBXFileReference; fileEncoding = 4; lastKnownFileType = sourcecode.c.h; path = CFSTransferManager.h; sourceTree = "<group>"; };
		F38E7FB21ADE303700B6A448 /* CFSTransferManager.m */ = {isa = PBXFileReference; fileEncoding = 4; lastKnownFileType = sourcecode.c.objc; path = CFSTransferManager.m; sourceTree = "<group>"; };
		F38E7FB91ADE967700B6A448 /* bitcasa-logo-test.png */ = {isa = PBXFileReference; lastKnownFileType = image.png; path = "bitcasa-logo-test.png"; sourceTree = "<group>"; };
/* End PBXFileReference section */

/* Begin PBXFrameworksBuildPhase section */
		77BEB32E19A68F5C00D4BE80 /* Frameworks */ = {
			isa = PBXFrameworksBuildPhase;
			buildActionMask = 2147483647;
			files = (
				77616EB319BFCFD3002C35E6 /* CoreData.framework in Frameworks */,
				77BEB33519A68F5C00D4BE80 /* Foundation.framework in Frameworks */,
			);
			runOnlyForDeploymentPostprocessing = 0;
		};
		9D9932A41AD24A7C0010B5F6 /* Frameworks */ = {
			isa = PBXFrameworksBuildPhase;
			buildActionMask = 2147483647;
			files = (
				9D9932AD1AD24A7C0010B5F6 /* libCloudFS SDK.a in Frameworks */,
			);
			runOnlyForDeploymentPostprocessing = 0;
		};
/* End PBXFrameworksBuildPhase section */

/* Begin PBXGroup section */
		77BEB32819A68F5B00D4BE80 = {
			isa = PBXGroup;
			children = (
				77BEB33619A68F5C00D4BE80 /* CloudFS SDK */,
				9D9932A81AD24A7C0010B5F6 /* CloudFS SDK Tests */,
				77BEB33319A68F5C00D4BE80 /* Frameworks */,
				77BEB33219A68F5C00D4BE80 /* Products */,
			);
			sourceTree = "<group>";
		};
		77BEB33219A68F5C00D4BE80 /* Products */ = {
			isa = PBXGroup;
			children = (
				77BEB33119A68F5C00D4BE80 /* libCloudFS SDK.a */,
				9D9932A71AD24A7C0010B5F6 /* CloudFS SDK Tests.xctest */,
			);
			name = Products;
			sourceTree = "<group>";
		};
		77BEB33319A68F5C00D4BE80 /* Frameworks */ = {
			isa = PBXGroup;
			children = (
				9D9932B71AD250D20010B5F6 /* CoreFoundation.framework */,
				77616EB519BFD001002C35E6 /* UIKit.framework */,
				77616EB119BFCF69002C35E6 /* CoreData.framework */,
				77BEB33419A68F5C00D4BE80 /* Foundation.framework */,
				77BEB34219A68F5C00D4BE80 /* XCTest.framework */,
			);
			name = Frameworks;
			sourceTree = "<group>";
		};
		77BEB33619A68F5C00D4BE80 /* CloudFS SDK */ = {
			isa = PBXGroup;
			children = (
				F3338DB51AD5D6CE00EE9083 /* API */,
				9D4F49D91AD3ABD100FC3508 /* Errors */,
				77BEB33719A68F5C00D4BE80 /* Supporting Files */,
				77BEB38119A69F5300D4BE80 /* CFSAccount.h */,
				77BEB38219A69F5300D4BE80 /* CFSAccount.m */,
				77062ECD19E8CB6300186334 /* CFSAssetStream.h */,
				77062ECE19E8CB6300186334 /* CFSAssetStream.m */,
				77BEB36619A69D2800D4BE80 /* CFSAudio.h */,
				77BEB36719A69D2800D4BE80 /* CFSAudio.m */,
				77BEB37219A69D2800D4BE80 /* CFSContainer.h */,
				77BEB37319A69D2800D4BE80 /* CFSContainer.m */,
				77BEB36919A69D2800D4BE80 /* CFSDocument.h */,
				77BEB36A19A69D2800D4BE80 /* CFSDocument.m */,
				77BEB36C19A69D2800D4BE80 /* CFSFile.h */,
				77BEB36D19A69D2800D4BE80 /* CFSFile.m */,
				77BEB38719A6A8B600D4BE80 /* CFSFilesystem.h */,
				77BEB38819A6A8B600D4BE80 /* CFSFilesystem.m */,
				77BEB37B19A69D2800D4BE80 /* CFSFolder.h */,
				77BEB37C19A69D2800D4BE80 /* CFSFolder.m */,
				77BEB37519A69D2800D4BE80 /* CFSItem.h */,
				77BEB37619A69D2800D4BE80 /* CFSItem.m */,
				77BEB36F19A69D2800D4BE80 /* CFSPhoto.h */,
				77BEB37019A69D2800D4BE80 /* CFSPhoto.m */,
				77BEB38419A6A01A00D4BE80 /* CFSSession.h */,
				77BEB38519A6A01A00D4BE80 /* CFSSession.m */,
				BDC5629F19F03FB300D6481C /* CFSShare.h */,
				BDC562A019F03FB300D6481C /* CFSShare.m */,
				77BEB37E19A69E0200D4BE80 /* CFSUser.h */,
				77BEB37F19A69E0200D4BE80 /* CFSUser.m */,
				77BEB37819A69D2800D4BE80 /* CFSVideo.h */,
				77BEB37919A69D2800D4BE80 /* CFSVideo.m */,
				CDCC6A101B0DA80B0089F565 /* CFSPlan.h */,
				CDCC6A111B0DA80B0089F565 /* CFSPlan.m */,
			);
			path = "CloudFS SDK";
			sourceTree = "<group>";
		};
		77BEB33719A68F5C00D4BE80 /* Supporting Files */ = {
			isa = PBXGroup;
			children = (
				77BEB33819A68F5C00D4BE80 /* CloudFS SDK-Prefix.pch */,
			);
			name = "Supporting Files";
			sourceTree = "<group>";
		};
		9D4F49D91AD3ABD100FC3508 /* Errors */ = {
			isa = PBXGroup;
			children = (
				9D4F49DA1AD3ABD100FC3508 /* CFSError.h */,
				9D4F49DB1AD3ABD100FC3508 /* CFSError.m */,
				9D4F49DE1AD3ABD100FC3508 /* CFSErrorUtil.h */,
				9D4F49DF1AD3ABD100FC3508 /* CFSErrorUtil.m */,
			);
			path = Errors;
			sourceTree = "<group>";
		};
		9D9932A81AD24A7C0010B5F6 /* CloudFS SDK Tests */ = {
			isa = PBXGroup;
			children = (
				F38E7FB81ADE967700B6A448 /* Resources */,
				9D9932A91AD24A7C0010B5F6 /* Supporting Files */,
				9DFFFF701AE91FAC00013579 /* CFSAccountTests.m */,
				CD61A8901AE6700E004D2B8E /* CFSBaseTests.h */,
				CD61A88E1AE66180004D2B8E /* CFSBaseTests.m */,
				CD39989F1AD7931D00641F6D /* CFSContainerTests.m */,
				9D7723681AD8091000C2F021 /* CFSFileTests.m */,
				CDF3FFC01ADE5AFF0092F4D0 /* CFSFileSystemTests.m */,
				CD3998A01AD7931D00641F6D /* CFSFolderTests.m */,
				CDF3FFC21ADEC7ED0092F4D0 /* CFSItemTests.m */,
				9D9932BD1AD266A10010B5F6 /* CFSPlistReader.h */,
				9D9932BE1AD266A10010B5F6 /* CFSPlistReader.m */,
				CD5FABD21AD3A3AD000D4B94 /* CFSSessionTests.m */,
				9DD65C001ADEAFF800ACE934 /* CFSShareTests.m */,
				9D34ADA21AEA66EE00431978 /* CFSUserTests.m */,
			);
			path = "CloudFS SDK Tests";
			sourceTree = "<group>";
		};
		9D9932A91AD24A7C0010B5F6 /* Supporting Files */ = {
			isa = PBXGroup;
			children = (
				CDDB32451B1EC8600031EECA /* CloudFSConfigTemplate.plist */,
				CD725B531AEB2F3100ACC9EB /* CloudFSConfig.plist */,
				9D9932AA1AD24A7C0010B5F6 /* Info.plist */,
			);
			name = "Supporting Files";
			sourceTree = "<group>";
		};
		F3338DB51AD5D6CE00EE9083 /* API */ = {
			isa = PBXGroup;
			children = (
				F38E7FAF1ADE303700B6A448 /* CFSInputStream.h */,
				F38E7FB01ADE303700B6A448 /* CFSInputStream.m */,
				F3338DB61AD5D6CE00EE9083 /* CFSRestAdapter.h */,
				F3338DB71AD5D6CE00EE9083 /* CFSRestAdapter.m */,
				F38E7FB11ADE303700B6A448 /* CFSTransferManager.h */,
				F38E7FB21ADE303700B6A448 /* CFSTransferManager.m */,
				F3338DCC1AD63C9100EE9083 /* CFSURLRequestBuilder.h */,
				F3338DCD1AD63C9100EE9083 /* CFSURLRequestBuilder.m */,
				F3338DC81AD63C9100EE9083 /* NSMutableDictionary+CFSRestAdditions.h */,
				F3338DC91AD63C9100EE9083 /* NSMutableDictionary+CFSRestAdditions.m */,
				F3338DCA1AD63C9100EE9083 /* NSString+CFSRestAdditions.h */,
				F3338DCB1AD63C9100EE9083 /* NSString+CFSRestAdditions.m */,
			);
			path = API;
			sourceTree = "<group>";
		};
		F38E7FB81ADE967700B6A448 /* Resources */ = {
			isa = PBXGroup;
			children = (
				F38E7FB91ADE967700B6A448 /* bitcasa-logo-test.png */,
			);
			path = Resources;
			sourceTree = "<group>";
		};
/* End PBXGroup section */

/* Begin PBXNativeTarget section */
		77BEB33019A68F5C00D4BE80 /* CloudFS SDK */ = {
			isa = PBXNativeTarget;
			buildConfigurationList = 77BEB35419A68F5C00D4BE80 /* Build configuration list for PBXNativeTarget "CloudFS SDK" */;
			buildPhases = (
				77BEB32D19A68F5C00D4BE80 /* Sources */,
				77BEB32E19A68F5C00D4BE80 /* Frameworks */,
				77BEB32F19A68F5C00D4BE80 /* Copy Files */,
				77354CF919C7DE84006F750D /* Build Framework */,
				CDB49C751AEAD81400CCFA1A /* ShellScript */,
			);
			buildRules = (
			);
			dependencies = (
			);
			name = "CloudFS SDK";
			productName = BitcasaSDK;
			productReference = 77BEB33119A68F5C00D4BE80 /* libCloudFS SDK.a */;
			productType = "com.apple.product-type.library.static";
		};
		9D9932A61AD24A7C0010B5F6 /* CloudFS SDK Tests */ = {
			isa = PBXNativeTarget;
			buildConfigurationList = 9D9932B21AD24A7C0010B5F6 /* Build configuration list for PBXNativeTarget "CloudFS SDK Tests" */;
			buildPhases = (
				9D9932A31AD24A7C0010B5F6 /* Sources */,
				9D9932A41AD24A7C0010B5F6 /* Frameworks */,
				9D9932A51AD24A7C0010B5F6 /* Resources */,
			);
			buildRules = (
			);
			dependencies = (
				9D9932AF1AD24A7C0010B5F6 /* PBXTargetDependency */,
			);
			name = "CloudFS SDK Tests";
			productName = "BitcasaSDK Tests";
			productReference = 9D9932A71AD24A7C0010B5F6 /* CloudFS SDK Tests.xctest */;
			productType = "com.apple.product-type.bundle.unit-test";
		};
/* End PBXNativeTarget section */

/* Begin PBXProject section */
		77BEB32919A68F5B00D4BE80 /* Project object */ = {
			isa = PBXProject;
			attributes = {
				LastUpgradeCheck = 0510;
				ORGANIZATIONNAME = Bitcasa;
				TargetAttributes = {
					9D9932A61AD24A7C0010B5F6 = {
						CreatedOnToolsVersion = 6.1;
					};
				};
			};
			buildConfigurationList = 77BEB32C19A68F5B00D4BE80 /* Build configuration list for PBXProject "CloudFS SDK" */;
			compatibilityVersion = "Xcode 3.2";
			developmentRegion = English;
			hasScannedForEncodings = 0;
			knownRegions = (
				en,
			);
			mainGroup = 77BEB32819A68F5B00D4BE80;
			productRefGroup = 77BEB33219A68F5C00D4BE80 /* Products */;
			projectDirPath = "";
			projectRoot = "";
			targets = (
				77BEB33019A68F5C00D4BE80 /* CloudFS SDK */,
				77354CF319C7DD8B006F750D /* Framework */,
				9D9932A61AD24A7C0010B5F6 /* CloudFS SDK Tests */,
			);
		};
/* End PBXProject section */

/* Begin PBXResourcesBuildPhase section */
		9D9932A51AD24A7C0010B5F6 /* Resources */ = {
			isa = PBXResourcesBuildPhase;
			buildActionMask = 2147483647;
			files = (
				F38E7FBA1ADE967700B6A448 /* bitcasa-logo-test.png in Resources */,
				CDDB32461B1EC8600031EECA /* CloudFSConfigTemplate.plist in Resources */,
				CD725B541AEB2F3100ACC9EB /* CloudFSConfig.plist in Resources */,
			);
			runOnlyForDeploymentPostprocessing = 0;
		};
/* End PBXResourcesBuildPhase section */

/* Begin PBXShellScriptBuildPhase section */
		77354CF919C7DE84006F750D /* Build Framework */ = {
			isa = PBXShellScriptBuildPhase;
			buildActionMask = 2147483647;
			files = (
			);
			inputPaths = (
			);
			name = "Build Framework";
			outputPaths = (
			);
			runOnlyForDeploymentPostprocessing = 0;
			shellPath = /bin/sh;
			shellScript = "set -e\n\nexport FRAMEWORK_LOCN=\"${BUILT_PRODUCTS_DIR}/${PRODUCT_NAME}.framework\"\n\n# Create the path to the real Headers die\nmkdir -p \"${FRAMEWORK_LOCN}/Versions/A/Headers\"\n\n# Create the required symlinks\n/bin/ln -sfh A \"${FRAMEWORK_LOCN}/Versions/Current\"\n/bin/ln -sfh Versions/Current/Headers \"${FRAMEWORK_LOCN}/Headers\"\n/bin/ln -sfh \"Versions/Current/${PRODUCT_NAME}\" \\\n\"${FRAMEWORK_LOCN}/${PRODUCT_NAME}\"\n\n# Copy the public headers into the framework\n/bin/cp -a \"${TARGET_BUILD_DIR}/${PUBLIC_HEADERS_FOLDER_PATH}/\" \\\n\"${FRAMEWORK_LOCN}/Versions/A/Headers\"";
		};
		77354D0819C7E126006F750D /* MultiPlatform Build */ = {
			isa = PBXShellScriptBuildPhase;
			buildActionMask = 2147483647;
			files = (
			);
			inputPaths = (
			);
			name = "MultiPlatform Build";
			outputPaths = (
			);
			runOnlyForDeploymentPostprocessing = 0;
			shellPath = /bin/sh;
			shellScript = "set -e\n\n# If we're already inside this script then die\nif [ -n \"$RW_MULTIPLATFORM_BUILD_IN_PROGRESS\" ]; then\nexit 0\nfi\nexport RW_MULTIPLATFORM_BUILD_IN_PROGRESS=1\n\nRW_FRAMEWORK_NAME=${PROJECT_NAME}\nRW_INPUT_STATIC_LIB=\"lib${PROJECT_NAME}.a\"\nRW_FRAMEWORK_LOCATION=\"${BUILT_PRODUCTS_DIR}/${RW_FRAMEWORK_NAME}.framework\"\n\nfunction build_static_library {\n    # Will rebuild the static library as specified\n    #     build_static_library sdk\n    xcrun xcodebuild -project \"${PROJECT_FILE_PATH}\" \\\n    -target \"${TARGET_NAME}\" \\\n    -configuration \"${CONFIGURATION}\" \\\n    -sdk \"${1}\" \\\n    ONLY_ACTIVE_ARCH=NO \\\n    BUILD_DIR=\"${BUILD_DIR}\" \\\n    OBJROOT=\"${OBJROOT}\" \\\n    BUILD_ROOT=\"${BUILD_ROOT}\" \\\n    SYMROOT=\"${SYMROOT}\" $ACTION\n}\n\nfunction make_fat_library {\n    # Will smash 2 static libs together\n    #     make_fat_library in1 in2 out\n    xcrun lipo -create \"${1}\" \"${2}\" -output \"${3}\"\n}\n\n# 1 - Extract the platform (iphoneos/iphonesimulator) from the SDK name\nif [[ \"$SDK_NAME\" =~ ([A-Za-z]+) ]]; then\nRW_SDK_PLATFORM=${BASH_REMATCH[1]}\nelse\necho \"Could not find platform name from SDK_NAME: $SDK_NAME\"\nexit 1\nfi\n\n# 2 - Extract the version from the SDK\nif [[ \"$SDK_NAME\" =~ ([0-9]+.*$) ]]; then\nRW_SDK_VERSION=${BASH_REMATCH[1]}\nelse\necho \"Could not find sdk version from SDK_NAME: $SDK_NAME\"\nexit 1\nfi\n\n# 3 - Determine the other platform\nif [ \"$RW_SDK_PLATFORM\" == \"iphoneos\" ]; then\nRW_OTHER_PLATFORM=iphonesimulator\nelse\nRW_OTHER_PLATFORM=iphoneos\nfi\n\n# 4 - Find the build directory\nif [[ \"$BUILT_PRODUCTS_DIR\" =~ (.*)$RW_SDK_PLATFORM$ ]]; then\nRW_OTHER_BUILT_PRODUCTS_DIR=\"${BASH_REMATCH[1]}${RW_OTHER_PLATFORM}\"\nelse\necho \"Could not find other platform build directory.\"\nexit 1\nfi\n\n# Build the other platform.\nbuild_static_library \"${RW_OTHER_PLATFORM}${RW_SDK_VERSION}\"\n\n# If we're currently building for iphonesimulator, then need to rebuild\n#   to ensure that we get both i386 and x86_64\nif [ \"$RW_SDK_PLATFORM\" == \"iphonesimulator\" ]; then\nbuild_static_library \"${SDK_NAME}\"\nfi\n\n# Join the 2 static libs into 1 and push into the .framework\nmake_fat_library \"${BUILT_PRODUCTS_DIR}/${RW_INPUT_STATIC_LIB}\" \\\n\"${RW_OTHER_BUILT_PRODUCTS_DIR}/${RW_INPUT_STATIC_LIB}\" \\\n\"${RW_FRAMEWORK_LOCATION}/Versions/A/${RW_FRAMEWORK_NAME}\"\n\n# Ensure that the framework is present in both platform's build directories\ncp -a \"${RW_FRAMEWORK_LOCATION}/Versions/A/${RW_FRAMEWORK_NAME}\" \\\n\"${RW_OTHER_BUILT_PRODUCTS_DIR}/${RW_FRAMEWORK_NAME}.framework/Versions/A/${RW_FRAMEWORK_NAME}\"\n\n# Copy the framework to the user's desktop\nditto \"${RW_FRAMEWORK_LOCATION}\" \"${HOME}/Desktop/${RW_FRAMEWORK_NAME}.framework\"";
		};
		CDB49C751AEAD81400CCFA1A /* ShellScript */ = {
			isa = PBXShellScriptBuildPhase;
			buildActionMask = 12;
			files = (
			);
			inputPaths = (
			);
			outputPaths = (
			);
			runOnlyForDeploymentPostprocessing = 0;
			shellPath = /bin/sh;
			shellScript = "#APPLEDOC_PATH=`which appledoc`\n#if [ $APPLEDOC_PATH ]; then\n#$APPLEDOC_PATH \\\n#--project-name ${PRODUCT_NAME} \\\n#--project-company \"Bitcasa\" \\\n#--company-id \"Bitcasa.\" \\\n#--output Docs/${PRODUCT_NAME}Docs \\\n#--keep-undocumented-objects \\\n#--keep-undocumented-members \\\n#--keep-intermediate-files \\\n#--no-install-docset \\\n#--no-repeat-first-par \\\n#--no-warn-invalid-crossref \\\n#--exit-threshold 2 \\\n#${PROJECT_DIR}/${PRODUCT_NAME}\n#fi;";
		};
/* End PBXShellScriptBuildPhase section */

/* Begin PBXSourcesBuildPhase section */
		77BEB32D19A68F5C00D4BE80 /* Sources */ = {
			isa = PBXSourcesBuildPhase;
			buildActionMask = 2147483647;
			files = (
				77BEB37719A69D2800D4BE80 /* CFSItem.m in Sources */,
				77BEB37119A69D2800D4BE80 /* CFSPhoto.m in Sources */,
				77BEB38919A6A8B600D4BE80 /* CFSFilesystem.m in Sources */,
				9D4F49E01AD3ABD100FC3508 /* CFSError.m in Sources */,
				CDCC6A121B0DA80B0089F565 /* CFSPlan.m in Sources */,
				77BEB36E19A69D2800D4BE80 /* CFSFile.m in Sources */,
				F3338DCF1AD63C9100EE9083 /* NSString+CFSRestAdditions.m in Sources */,
				9D4F49E21AD3ABD100FC3508 /* CFSErrorUtil.m in Sources */,
				F3338DBC1AD5D6CE00EE9083 /* CFSRestAdapter.m in Sources */,
				77BEB38619A6A01A00D4BE80 /* CFSSession.m in Sources */,
				77BEB37A19A69D2800D4BE80 /* CFSVideo.m in Sources */,
				77062ECF19E8CB6300186334 /* CFSAssetStream.m in Sources */,
				F3338DD01AD63C9100EE9083 /* CFSURLRequestBuilder.m in Sources */,
				BDC562A119F03FB300D6481C /* CFSShare.m in Sources */,
				77BEB36B19A69D2800D4BE80 /* CFSDocument.m in Sources */,
				F38E7FB41ADE303700B6A448 /* CFSTransferManager.m in Sources */,
				F38E7FB31ADE303700B6A448 /* CFSInputStream.m in Sources */,
				77BEB36819A69D2800D4BE80 /* CFSAudio.m in Sources */,
				77BEB38019A69E0200D4BE80 /* CFSUser.m in Sources */,
				F3338DCE1AD63C9100EE9083 /* NSMutableDictionary+CFSRestAdditions.m in Sources */,
				77BEB38319A69F5300D4BE80 /* CFSAccount.m in Sources */,
				77BEB37419A69D2800D4BE80 /* CFSContainer.m in Sources */,
				77BEB37D19A69D2800D4BE80 /* CFSFolder.m in Sources */,
			);
			runOnlyForDeploymentPostprocessing = 0;
		};
		9D9932A31AD24A7C0010B5F6 /* Sources */ = {
			isa = PBXSourcesBuildPhase;
			buildActionMask = 2147483647;
			files = (
				CD3998A11AD7931D00641F6D /* CFSContainerTests.m in Sources */,
				9D9932BF1AD266A10010B5F6 /* CFSPlistReader.m in Sources */,
				CDF3FFC31ADEC7ED0092F4D0 /* CFSItemTests.m in Sources */,
				CD5FABD31AD3A3AD000D4B94 /* CFSSessionTests.m in Sources */,
				CD3998A21AD7931D00641F6D /* CFSFolderTests.m in Sources */,
				CD61A88F1AE66180004D2B8E /* CFSBaseTests.m in Sources */,
				9DFFFF711AE91FAC00013579 /* CFSAccountTests.m in Sources */,
				9D7723691AD8091000C2F021 /* CFSFileTests.m in Sources */,
				9DD65C011ADEAFF800ACE934 /* CFSShareTests.m in Sources */,
				CDF3FFC11ADE5AFF0092F4D0 /* CFSFileSystemTests.m in Sources */,
				9D34ADA31AEA66EE00431978 /* CFSUserTests.m in Sources */,
			);
			runOnlyForDeploymentPostprocessing = 0;
		};
/* End PBXSourcesBuildPhase section */

/* Begin PBXTargetDependency section */
		77354CF819C7DD9A006F750D /* PBXTargetDependency */ = {
			isa = PBXTargetDependency;
			target = 77BEB33019A68F5C00D4BE80 /* CloudFS SDK */;
			targetProxy = 77354CF719C7DD9A006F750D /* PBXContainerItemProxy */;
		};
		9D9932AF1AD24A7C0010B5F6 /* PBXTargetDependency */ = {
			isa = PBXTargetDependency;
			target = 77BEB33019A68F5C00D4BE80 /* CloudFS SDK */;
			targetProxy = 9D9932AE1AD24A7C0010B5F6 /* PBXContainerItemProxy */;
		};
/* End PBXTargetDependency section */

/* Begin XCBuildConfiguration section */
		77354CF419C7DD8B006F750D /* Debug */ = {
			isa = XCBuildConfiguration;
			buildSettings = {
				CLANG_WARN_DOCUMENTATION_COMMENTS = NO;
				OTHER_LDFLAGS = "-all_load";
				PRODUCT_NAME = "$(TARGET_NAME)";
			};
			name = Debug;
		};
		77354CF519C7DD8B006F750D /* Release */ = {
			isa = XCBuildConfiguration;
			buildSettings = {
				CLANG_WARN_DOCUMENTATION_COMMENTS = NO;
				OTHER_LDFLAGS = "-all_load";
				PRODUCT_NAME = "$(TARGET_NAME)";
			};
			name = Release;
		};
		77BEB35219A68F5C00D4BE80 /* Debug */ = {
			isa = XCBuildConfiguration;
			buildSettings = {
				ALWAYS_SEARCH_USER_PATHS = NO;
				CLANG_CXX_LANGUAGE_STANDARD = "gnu++0x";
				CLANG_CXX_LIBRARY = "libc++";
				CLANG_ENABLE_MODULES = YES;
				CLANG_ENABLE_OBJC_ARC = YES;
				CLANG_WARN_BOOL_CONVERSION = YES;
				CLANG_WARN_CONSTANT_CONVERSION = YES;
				CLANG_WARN_DIRECT_OBJC_ISA_USAGE = YES_ERROR;
				CLANG_WARN_DOCUMENTATION_COMMENTS = YES;
				CLANG_WARN_EMPTY_BODY = YES;
				CLANG_WARN_ENUM_CONVERSION = YES;
				CLANG_WARN_INT_CONVERSION = YES;
				CLANG_WARN_OBJC_ROOT_CLASS = YES_ERROR;
				CLANG_WARN__DUPLICATE_METHOD_MATCH = YES;
				COPY_PHASE_STRIP = NO;
				GCC_C_LANGUAGE_STANDARD = gnu99;
				GCC_DYNAMIC_NO_PIC = NO;
				GCC_OPTIMIZATION_LEVEL = 0;
				GCC_PREPROCESSOR_DEFINITIONS = (
					"DEBUG=1",
					"$(inherited)",
				);
				GCC_SYMBOLS_PRIVATE_EXTERN = NO;
				GCC_WARN_64_TO_32_BIT_CONVERSION = YES;
				GCC_WARN_ABOUT_RETURN_TYPE = YES_ERROR;
				GCC_WARN_UNDECLARED_SELECTOR = YES;
				GCC_WARN_UNINITIALIZED_AUTOS = YES_AGGRESSIVE;
				GCC_WARN_UNUSED_FUNCTION = YES;
				GCC_WARN_UNUSED_VARIABLE = YES;
				IPHONEOS_DEPLOYMENT_TARGET = 7.0;
				ONLY_ACTIVE_ARCH = YES;
				SDKROOT = iphoneos;
			};
			name = Debug;
		};
		77BEB35319A68F5C00D4BE80 /* Release */ = {
			isa = XCBuildConfiguration;
			buildSettings = {
				ALWAYS_SEARCH_USER_PATHS = NO;
				CLANG_CXX_LANGUAGE_STANDARD = "gnu++0x";
				CLANG_CXX_LIBRARY = "libc++";
				CLANG_ENABLE_MODULES = YES;
				CLANG_ENABLE_OBJC_ARC = YES;
				CLANG_WARN_BOOL_CONVERSION = YES;
				CLANG_WARN_CONSTANT_CONVERSION = YES;
				CLANG_WARN_DIRECT_OBJC_ISA_USAGE = YES_ERROR;
				CLANG_WARN_DOCUMENTATION_COMMENTS = YES;
				CLANG_WARN_EMPTY_BODY = YES;
				CLANG_WARN_ENUM_CONVERSION = YES;
				CLANG_WARN_INT_CONVERSION = YES;
				CLANG_WARN_OBJC_ROOT_CLASS = YES_ERROR;
				CLANG_WARN__DUPLICATE_METHOD_MATCH = YES;
				COPY_PHASE_STRIP = YES;
				ENABLE_NS_ASSERTIONS = NO;
				GCC_C_LANGUAGE_STANDARD = gnu99;
				GCC_WARN_64_TO_32_BIT_CONVERSION = YES;
				GCC_WARN_ABOUT_RETURN_TYPE = YES_ERROR;
				GCC_WARN_UNDECLARED_SELECTOR = YES;
				GCC_WARN_UNINITIALIZED_AUTOS = YES_AGGRESSIVE;
				GCC_WARN_UNUSED_FUNCTION = YES;
				GCC_WARN_UNUSED_VARIABLE = YES;
				IPHONEOS_DEPLOYMENT_TARGET = 7.0;
				SDKROOT = iphoneos;
				VALIDATE_PRODUCT = YES;
			};
			name = Release;
		};
		77BEB35519A68F5C00D4BE80 /* Debug */ = {
			isa = XCBuildConfiguration;
			buildSettings = {
				CLANG_WARN_DOCUMENTATION_COMMENTS = NO;
				DSTROOT = /tmp/CloudFSSDK.dst;
				GCC_PRECOMPILE_PREFIX_HEADER = YES;
				GCC_PREFIX_HEADER = "CloudFS SDK/CloudFS SDK-Prefix.pch";
				OTHER_LDFLAGS = "-all_load";
				PRODUCT_NAME = "CloudFS SDK";
				PUBLIC_HEADERS_FOLDER_PATH = "include/$(PROJECT_NAME)";
				SKIP_INSTALL = YES;
			};
			name = Debug;
		};
		77BEB35619A68F5C00D4BE80 /* Release */ = {
			isa = XCBuildConfiguration;
			buildSettings = {
				CLANG_WARN_DOCUMENTATION_COMMENTS = NO;
				DSTROOT = /tmp/CloudFSSDK.dst;
				GCC_PRECOMPILE_PREFIX_HEADER = YES;
				GCC_PREFIX_HEADER = "CloudFS SDK/CloudFS SDK-Prefix.pch";
				OTHER_LDFLAGS = "-all_load";
				PRODUCT_NAME = "CloudFS SDK";
				PUBLIC_HEADERS_FOLDER_PATH = "include/$(PROJECT_NAME)";
				SKIP_INSTALL = YES;
			};
			name = Release;
		};
		9D9932B01AD24A7C0010B5F6 /* Debug */ = {
			isa = XCBuildConfiguration;
			buildSettings = {
				CLANG_WARN_UNREACHABLE_CODE = YES;
				ENABLE_STRICT_OBJC_MSGSEND = YES;
				FRAMEWORK_SEARCH_PATHS = (
					"$(SDKROOT)/Developer/Library/Frameworks",
					"$(inherited)",
				);
				GCC_PREPROCESSOR_DEFINITIONS = (
					"DEBUG=1",
					"$(inherited)",
				);
				INFOPLIST_FILE = "CloudFS SDK Tests/Info.plist";
				IPHONEOS_DEPLOYMENT_TARGET = 8.1;
				LD_RUNPATH_SEARCH_PATHS = "$(inherited) @executable_path/Frameworks @loader_path/Frameworks";
				MTL_ENABLE_DEBUG_INFO = YES;
				OTHER_LDFLAGS = (
					"$(inherited)",
					"-framework",
					XCTest,
					"-ObjC",
				);
				PRODUCT_NAME = "CloudFS SDK Tests";
			};
			name = Debug;
		};
		9D9932B11AD24A7C0010B5F6 /* Release */ = {
			isa = XCBuildConfiguration;
			buildSettings = {
				CLANG_WARN_UNREACHABLE_CODE = YES;
				ENABLE_STRICT_OBJC_MSGSEND = YES;
				FRAMEWORK_SEARCH_PATHS = (
					"$(SDKROOT)/Developer/Library/Frameworks",
					"$(inherited)",
				);
				INFOPLIST_FILE = "CloudFS SDK Tests/Info.plist";
				IPHONEOS_DEPLOYMENT_TARGET = 8.1;
				LD_RUNPATH_SEARCH_PATHS = "$(inherited) @executable_path/Frameworks @loader_path/Frameworks";
				MTL_ENABLE_DEBUG_INFO = NO;
				OTHER_LDFLAGS = (
					"$(inherited)",
					"-framework",
					XCTest,
					"-ObjC",
				);
				PRODUCT_NAME = "CloudFS SDK Tests";
			};
			name = Release;
		};
/* End XCBuildConfiguration section */

/* Begin XCConfigurationList section */
		77354CF619C7DD8B006F750D /* Build configuration list for PBXAggregateTarget "Framework" */ = {
			isa = XCConfigurationList;
			buildConfigurations = (
				77354CF419C7DD8B006F750D /* Debug */,
				77354CF519C7DD8B006F750D /* Release */,
			);
			defaultConfigurationIsVisible = 0;
			defaultConfigurationName = Release;
		};
		77BEB32C19A68F5B00D4BE80 /* Build configuration list for PBXProject "CloudFS SDK" */ = {
			isa = XCConfigurationList;
			buildConfigurations = (
				77BEB35219A68F5C00D4BE80 /* Debug */,
				77BEB35319A68F5C00D4BE80 /* Release */,
			);
			defaultConfigurationIsVisible = 0;
			defaultConfigurationName = Release;
		};
		77BEB35419A68F5C00D4BE80 /* Build configuration list for PBXNativeTarget "CloudFS SDK" */ = {
			isa = XCConfigurationList;
			buildConfigurations = (
				77BEB35519A68F5C00D4BE80 /* Debug */,
				77BEB35619A68F5C00D4BE80 /* Release */,
			);
			defaultConfigurationIsVisible = 0;
			defaultConfigurationName = Release;
		};
		9D9932B21AD24A7C0010B5F6 /* Build configuration list for PBXNativeTarget "CloudFS SDK Tests" */ = {
			isa = XCConfigurationList;
			buildConfigurations = (
				9D9932B01AD24A7C0010B5F6 /* Debug */,
				9D9932B11AD24A7C0010B5F6 /* Release */,
			);
			defaultConfigurationIsVisible = 0;
			defaultConfigurationName = Release;
		};
/* End XCConfigurationList section */
	};
	rootObject = 77BEB32919A68F5B00D4BE80 /* Project object */;
}
