// !$*UTF8*$!
{
	archiveVersion = 1;
	classes = {
	};
	objectVersion = 46;
	objects = {

/* Begin PBXBuildFile section */
		77062E8619E5F42700186334 /* main.m in Sources */ = {isa = PBXBuildFile; fileRef = 77062E8519E5F42700186334 /* main.m */; };
		77062E8919E5F42700186334 /* AppDelegate.m in Sources */ = {isa = PBXBuildFile; fileRef = 77062E8819E5F42700186334 /* AppDelegate.m */; };
		77062E9119E5F42700186334 /* Images.xcassets in Resources */ = {isa = PBXBuildFile; fileRef = 77062E9019E5F42700186334 /* Images.xcassets */; };
		77062E9419E5F42700186334 /* LaunchScreen.xib in Resources */ = {isa = PBXBuildFile; fileRef = 77062E9219E5F42700186334 /* LaunchScreen.xib */; };
		77062EA019E5F42700186334 /* ShareFileTests.m in Sources */ = {isa = PBXBuildFile; fileRef = 77062E9F19E5F42700186334 /* ShareFileTests.m */; };
		77062EB919E5FC4100186334 /* BCFileListVC.m in Sources */ = {isa = PBXBuildFile; fileRef = 77062EB819E5FC4100186334 /* BCFileListVC.m */; };
		77062EBE19E6193100186334 /* AuthVC.xib in Resources */ = {isa = PBXBuildFile; fileRef = 77062EBD19E6193100186334 /* AuthVC.xib */; };
		77062EC119E705FC00186334 /* AuthVC.m in Sources */ = {isa = PBXBuildFile; fileRef = 77062EC019E705FC00186334 /* AuthVC.m */; };
		77062EC619E70B7800186334 /* BCFileListVC.xib in Resources */ = {isa = PBXBuildFile; fileRef = 77062EC519E70B7800186334 /* BCFileListVC.xib */; };
		77062EC919E735BD00186334 /* MobileCoreServices.framework in Frameworks */ = {isa = PBXBuildFile; fileRef = 77062EC819E735BD00186334 /* MobileCoreServices.framework */; };
		77062EDF19E8DB8400186334 /* libBitcasaSDK.a in Frameworks */ = {isa = PBXBuildFile; fileRef = 77062ED819E8DB4C00186334 /* libBitcasaSDK.a */; };
/* End PBXBuildFile section */

/* Begin PBXContainerItemProxy section */
		77062E9A19E5F42700186334 /* PBXContainerItemProxy */ = {
			isa = PBXContainerItemProxy;
			containerPortal = 77062E7819E5F42700186334 /* Project object */;
			proxyType = 1;
			remoteGlobalIDString = 77062E7F19E5F42700186334;
			remoteInfo = ShareFile;
		};
		77062ED719E8DB4C00186334 /* PBXContainerItemProxy */ = {
			isa = PBXContainerItemProxy;
			containerPortal = 77062ED119E8DB4C00186334 /* BitcasaSDK.xcodeproj */;
			proxyType = 2;
			remoteGlobalIDString = 77BEB33119A68F5C00D4BE80;
			remoteInfo = BitcasaSDK;
		};
		77062ED919E8DB4C00186334 /* PBXContainerItemProxy */ = {
			isa = PBXContainerItemProxy;
			containerPortal = 77062ED119E8DB4C00186334 /* BitcasaSDK.xcodeproj */;
			proxyType = 2;
			remoteGlobalIDString = 77BEB34119A68F5C00D4BE80;
			remoteInfo = BitcasaSDKTests;
		};
/* End PBXContainerItemProxy section */

/* Begin PBXFileReference section */
		77062E8019E5F42700186334 /* ShareFile.app */ = {isa = PBXFileReference; explicitFileType = wrapper.application; includeInIndex = 0; path = ShareFile.app; sourceTree = BUILT_PRODUCTS_DIR; };
		77062E8419E5F42700186334 /* Info.plist */ = {isa = PBXFileReference; lastKnownFileType = text.plist.xml; path = Info.plist; sourceTree = "<group>"; };
		77062E8519E5F42700186334 /* main.m */ = {isa = PBXFileReference; lastKnownFileType = sourcecode.c.objc; path = main.m; sourceTree = "<group>"; };
		77062E8719E5F42700186334 /* AppDelegate.h */ = {isa = PBXFileReference; lastKnownFileType = sourcecode.c.h; path = AppDelegate.h; sourceTree = "<group>"; };
		77062E8819E5F42700186334 /* AppDelegate.m */ = {isa = PBXFileReference; lastKnownFileType = sourcecode.c.objc; path = AppDelegate.m; sourceTree = "<group>"; };
		77062E9019E5F42700186334 /* Images.xcassets */ = {isa = PBXFileReference; lastKnownFileType = folder.assetcatalog; path = Images.xcassets; sourceTree = "<group>"; };
		77062E9319E5F42700186334 /* Base */ = {isa = PBXFileReference; lastKnownFileType = file.xib; name = Base; path = Base.lproj/LaunchScreen.xib; sourceTree = "<group>"; };
		77062E9919E5F42700186334 /* ShareFileTests.xctest */ = {isa = PBXFileReference; explicitFileType = wrapper.cfbundle; includeInIndex = 0; path = ShareFileTests.xctest; sourceTree = BUILT_PRODUCTS_DIR; };
		77062E9E19E5F42700186334 /* Info.plist */ = {isa = PBXFileReference; lastKnownFileType = text.plist.xml; path = Info.plist; sourceTree = "<group>"; };
		77062E9F19E5F42700186334 /* ShareFileTests.m */ = {isa = PBXFileReference; lastKnownFileType = sourcecode.c.objc; path = ShareFileTests.m; sourceTree = "<group>"; };
		77062EB719E5FC4100186334 /* BCFileListVC.h */ = {isa = PBXFileReference; fileEncoding = 4; lastKnownFileType = sourcecode.c.h; path = BCFileListVC.h; sourceTree = "<group>"; };
		77062EB819E5FC4100186334 /* BCFileListVC.m */ = {isa = PBXFileReference; fileEncoding = 4; lastKnownFileType = sourcecode.c.objc; path = BCFileListVC.m; sourceTree = "<group>"; };
		77062EBD19E6193100186334 /* AuthVC.xib */ = {isa = PBXFileReference; fileEncoding = 4; lastKnownFileType = file.xib; path = AuthVC.xib; sourceTree = "<group>"; };
		77062EBF19E705FC00186334 /* AuthVC.h */ = {isa = PBXFileReference; fileEncoding = 4; lastKnownFileType = sourcecode.c.h; path = AuthVC.h; sourceTree = "<group>"; };
		77062EC019E705FC00186334 /* AuthVC.m */ = {isa = PBXFileReference; fileEncoding = 4; lastKnownFileType = sourcecode.c.objc; path = AuthVC.m; sourceTree = "<group>"; };
		77062EC519E70B7800186334 /* BCFileListVC.xib */ = {isa = PBXFileReference; fileEncoding = 4; lastKnownFileType = file.xib; path = BCFileListVC.xib; sourceTree = "<group>"; };
		77062EC819E735BD00186334 /* MobileCoreServices.framework */ = {isa = PBXFileReference; lastKnownFileType = wrapper.framework; name = MobileCoreServices.framework; path = System/Library/Frameworks/MobileCoreServices.framework; sourceTree = SDKROOT; };
		77062ED119E8DB4C00186334 /* BitcasaSDK.xcodeproj */ = {isa = PBXFileReference; lastKnownFileType = "wrapper.pb-project"; name = BitcasaSDK.xcodeproj; path = ../BitcasaSDK.xcodeproj; sourceTree = "<group>"; };
/* End PBXFileReference section */

/* Begin PBXFrameworksBuildPhase section */
		77062E7D19E5F42700186334 /* Frameworks */ = {
			isa = PBXFrameworksBuildPhase;
			buildActionMask = 2147483647;
			files = (
				77062EDF19E8DB8400186334 /* libBitcasaSDK.a in Frameworks */,
				77062EC919E735BD00186334 /* MobileCoreServices.framework in Frameworks */,
			);
			runOnlyForDeploymentPostprocessing = 0;
		};
		77062E9619E5F42700186334 /* Frameworks */ = {
			isa = PBXFrameworksBuildPhase;
			buildActionMask = 2147483647;
			files = (
			);
			runOnlyForDeploymentPostprocessing = 0;
		};
/* End PBXFrameworksBuildPhase section */

/* Begin PBXGroup section */
		77062E7719E5F42700186334 = {
			isa = PBXGroup;
			children = (
				77062ED119E8DB4C00186334 /* BitcasaSDK.xcodeproj */,
				77062EC819E735BD00186334 /* MobileCoreServices.framework */,
				77062E8219E5F42700186334 /* ShareFile */,
				77062E9C19E5F42700186334 /* ShareFileTests */,
				77062E8119E5F42700186334 /* Products */,
			);
			sourceTree = "<group>";
		};
		77062E8119E5F42700186334 /* Products */ = {
			isa = PBXGroup;
			children = (
				77062E8019E5F42700186334 /* ShareFile.app */,
				77062E9919E5F42700186334 /* ShareFileTests.xctest */,
			);
			name = Products;
			sourceTree = "<group>";
		};
		77062E8219E5F42700186334 /* ShareFile */ = {
			isa = PBXGroup;
			children = (
				77062E8719E5F42700186334 /* AppDelegate.h */,
				77062E8819E5F42700186334 /* AppDelegate.m */,
				77062EBD19E6193100186334 /* AuthVC.xib */,
				77062EBF19E705FC00186334 /* AuthVC.h */,
				77062EC019E705FC00186334 /* AuthVC.m */,
				77062EB719E5FC4100186334 /* BCFileListVC.h */,
				77062EB819E5FC4100186334 /* BCFileListVC.m */,
				77062EC519E70B7800186334 /* BCFileListVC.xib */,
				77062E9019E5F42700186334 /* Images.xcassets */,
				77062E9219E5F42700186334 /* LaunchScreen.xib */,
				77062E8319E5F42700186334 /* Supporting Files */,
			);
			path = ShareFile;
			sourceTree = "<group>";
		};
		77062E8319E5F42700186334 /* Supporting Files */ = {
			isa = PBXGroup;
			children = (
				77062E8419E5F42700186334 /* Info.plist */,
				77062E8519E5F42700186334 /* main.m */,
			);
			name = "Supporting Files";
			sourceTree = "<group>";
		};
		77062E9C19E5F42700186334 /* ShareFileTests */ = {
			isa = PBXGroup;
			children = (
				77062E9F19E5F42700186334 /* ShareFileTests.m */,
				77062E9D19E5F42700186334 /* Supporting Files */,
			);
			path = ShareFileTests;
			sourceTree = "<group>";
		};
		77062E9D19E5F42700186334 /* Supporting Files */ = {
			isa = PBXGroup;
			children = (
				77062E9E19E5F42700186334 /* Info.plist */,
			);
			name = "Supporting Files";
			sourceTree = "<group>";
		};
		77062ED219E8DB4C00186334 /* Products */ = {
			isa = PBXGroup;
			children = (
				77062ED819E8DB4C00186334 /* libBitcasaSDK.a */,
				77062EDA19E8DB4C00186334 /* BitcasaSDKTests.xctest */,
			);
			name = Products;
			sourceTree = "<group>";
		};
/* End PBXGroup section */

/* Begin PBXNativeTarget section */
		77062E7F19E5F42700186334 /* ShareFile */ = {
			isa = PBXNativeTarget;
			buildConfigurationList = 77062EA319E5F42700186334 /* Build configuration list for PBXNativeTarget "ShareFile" */;
			buildPhases = (
				77062E7C19E5F42700186334 /* Sources */,
				77062E7D19E5F42700186334 /* Frameworks */,
				77062E7E19E5F42700186334 /* Resources */,
			);
			buildRules = (
			);
			dependencies = (
			);
			name = ShareFile;
			productName = ShareFile;
			productReference = 77062E8019E5F42700186334 /* ShareFile.app */;
			productType = "com.apple.product-type.application";
		};
		77062E9819E5F42700186334 /* ShareFileTests */ = {
			isa = PBXNativeTarget;
			buildConfigurationList = 77062EA619E5F42700186334 /* Build configuration list for PBXNativeTarget "ShareFileTests" */;
			buildPhases = (
				77062E9519E5F42700186334 /* Sources */,
				77062E9619E5F42700186334 /* Frameworks */,
				77062E9719E5F42700186334 /* Resources */,
			);
			buildRules = (
			);
			dependencies = (
				77062E9B19E5F42700186334 /* PBXTargetDependency */,
			);
			name = ShareFileTests;
			productName = ShareFileTests;
			productReference = 77062E9919E5F42700186334 /* ShareFileTests.xctest */;
			productType = "com.apple.product-type.bundle.unit-test";
		};
/* End PBXNativeTarget section */

/* Begin PBXProject section */
		77062E7819E5F42700186334 /* Project object */ = {
			isa = PBXProject;
			attributes = {
				LastUpgradeCheck = 0600;
				ORGANIZATIONNAME = Bitcasa;
				TargetAttributes = {
					77062E7F19E5F42700186334 = {
						CreatedOnToolsVersion = 6.0.1;
					};
					77062E9819E5F42700186334 = {
						CreatedOnToolsVersion = 6.0.1;
						TestTargetID = 77062E7F19E5F42700186334;
					};
				};
			};
			buildConfigurationList = 77062E7B19E5F42700186334 /* Build configuration list for PBXProject "ShareFile" */;
			compatibilityVersion = "Xcode 3.2";
			developmentRegion = English;
			hasScannedForEncodings = 0;
			knownRegions = (
				en,
				Base,
			);
			mainGroup = 77062E7719E5F42700186334;
			productRefGroup = 77062E8119E5F42700186334 /* Products */;
			projectDirPath = "";
			projectReferences = (
				{
					ProductGroup = 77062ED219E8DB4C00186334 /* Products */;
					ProjectRef = 77062ED119E8DB4C00186334 /* BitcasaSDK.xcodeproj */;
				},
			);
			projectRoot = "";
			targets = (
				77062E7F19E5F42700186334 /* ShareFile */,
				77062E9819E5F42700186334 /* ShareFileTests */,
			);
		};
/* End PBXProject section */

/* Begin PBXReferenceProxy section */
		77062ED819E8DB4C00186334 /* libBitcasaSDK.a */ = {
			isa = PBXReferenceProxy;
			fileType = archive.ar;
			path = libBitcasaSDK.a;
			remoteRef = 77062ED719E8DB4C00186334 /* PBXContainerItemProxy */;
			sourceTree = BUILT_PRODUCTS_DIR;
		};
		77062EDA19E8DB4C00186334 /* BitcasaSDKTests.xctest */ = {
			isa = PBXReferenceProxy;
			fileType = wrapper.cfbundle;
			path = BitcasaSDKTests.xctest;
			remoteRef = 77062ED919E8DB4C00186334 /* PBXContainerItemProxy */;
			sourceTree = BUILT_PRODUCTS_DIR;
		};
/* End PBXReferenceProxy section */

/* Begin PBXResourcesBuildPhase section */
		77062E7E19E5F42700186334 /* Resources */ = {
			isa = PBXResourcesBuildPhase;
			buildActionMask = 2147483647;
			files = (
				77062E9419E5F42700186334 /* LaunchScreen.xib in Resources */,
				77062EBE19E6193100186334 /* AuthVC.xib in Resources */,
				77062EC619E70B7800186334 /* BCFileListVC.xib in Resources */,
				77062E9119E5F42700186334 /* Images.xcassets in Resources */,
			);
			runOnlyForDeploymentPostprocessing = 0;
		};
		77062E9719E5F42700186334 /* Resources */ = {
			isa = PBXResourcesBuildPhase;
			buildActionMask = 2147483647;
			files = (
			);
			runOnlyForDeploymentPostprocessing = 0;
		};
/* End PBXResourcesBuildPhase section */

/* Begin PBXSourcesBuildPhase section */
		77062E7C19E5F42700186334 /* Sources */ = {
			isa = PBXSourcesBuildPhase;
			buildActionMask = 2147483647;
			files = (
				77062E8919E5F42700186334 /* AppDelegate.m in Sources */,
				77062E8619E5F42700186334 /* main.m in Sources */,
				77062EC119E705FC00186334 /* AuthVC.m in Sources */,
				77062EB919E5FC4100186334 /* BCFileListVC.m in Sources */,
			);
			runOnlyForDeploymentPostprocessing = 0;
		};
		77062E9519E5F42700186334 /* Sources */ = {
			isa = PBXSourcesBuildPhase;
			buildActionMask = 2147483647;
			files = (
				77062EA019E5F42700186334 /* ShareFileTests.m in Sources */,
			);
			runOnlyForDeploymentPostprocessing = 0;
		};
/* End PBXSourcesBuildPhase section */

/* Begin PBXTargetDependency section */
		77062E9B19E5F42700186334 /* PBXTargetDependency */ = {
			isa = PBXTargetDependency;
			target = 77062E7F19E5F42700186334 /* ShareFile */;
			targetProxy = 77062E9A19E5F42700186334 /* PBXContainerItemProxy */;
		};
/* End PBXTargetDependency section */

/* Begin PBXVariantGroup section */
		77062E9219E5F42700186334 /* LaunchScreen.xib */ = {
			isa = PBXVariantGroup;
			children = (
				77062E9319E5F42700186334 /* Base */,
			);
			name = LaunchScreen.xib;
			sourceTree = "<group>";
		};
/* End PBXVariantGroup section */

/* Begin XCBuildConfiguration section */
		77062EA119E5F42700186334 /* Debug */ = {
			isa = XCBuildConfiguration;
			buildSettings = {
				ALWAYS_SEARCH_USER_PATHS = NO;
				CLANG_CXX_LANGUAGE_STANDARD = "gnu++0x";
				CLANG_CXX_LIBRARY = "libc++";
				CLANG_ENABLE_MODULES = YES;
				CLANG_ENABLE_OBJC_ARC = YES;
				CLANG_WARN_BOOL_CONVERSION = YES;
				CLANG_WARN_CONSTANT_CONVERSION = YES;
				CLANG_WARN_DIRECT_OBJC_ISA_USAGE = YES_ERROR;
				CLANG_WARN_EMPTY_BODY = YES;
				CLANG_WARN_ENUM_CONVERSION = YES;
				CLANG_WARN_INT_CONVERSION = YES;
				CLANG_WARN_OBJC_ROOT_CLASS = YES_ERROR;
				CLANG_WARN_UNREACHABLE_CODE = YES;
				CLANG_WARN__DUPLICATE_METHOD_MATCH = YES;
				"CODE_SIGN_IDENTITY[sdk=iphoneos*]" = "iPhone Developer";
				COPY_PHASE_STRIP = NO;
				ENABLE_STRICT_OBJC_MSGSEND = YES;
				GCC_C_LANGUAGE_STANDARD = gnu99;
				GCC_DYNAMIC_NO_PIC = NO;
				GCC_OPTIMIZATION_LEVEL = 0;
				GCC_PREPROCESSOR_DEFINITIONS = (
					"DEBUG=1",
					"$(inherited)",
				);
				GCC_SYMBOLS_PRIVATE_EXTERN = NO;
				GCC_WARN_64_TO_32_BIT_CONVERSION = YES;
				GCC_WARN_ABOUT_RETURN_TYPE = YES_ERROR;
				GCC_WARN_UNDECLARED_SELECTOR = YES;
				GCC_WARN_UNINITIALIZED_AUTOS = YES_AGGRESSIVE;
				GCC_WARN_UNUSED_FUNCTION = YES;
				GCC_WARN_UNUSED_VARIABLE = YES;
				IPHONEOS_DEPLOYMENT_TARGET = 8.0;
				MTL_ENABLE_DEBUG_INFO = YES;
				ONLY_ACTIVE_ARCH = YES;
				SDKROOT = iphoneos;
				TARGETED_DEVICE_FAMILY = "1,2";
			};
			name = Debug;
		};
		77062EA219E5F42700186334 /* Release */ = {
			isa = XCBuildConfiguration;
			buildSettings = {
				ALWAYS_SEARCH_USER_PATHS = NO;
				CLANG_CXX_LANGUAGE_STANDARD = "gnu++0x";
				CLANG_CXX_LIBRARY = "libc++";
				CLANG_ENABLE_MODULES = YES;
				CLANG_ENABLE_OBJC_ARC = YES;
				CLANG_WARN_BOOL_CONVERSION = YES;
				CLANG_WARN_CONSTANT_CONVERSION = YES;
				CLANG_WARN_DIRECT_OBJC_ISA_USAGE = YES_ERROR;
				CLANG_WARN_EMPTY_BODY = YES;
				CLANG_WARN_ENUM_CONVERSION = YES;
				CLANG_WARN_INT_CONVERSION = YES;
				CLANG_WARN_OBJC_ROOT_CLASS = YES_ERROR;
				CLANG_WARN_UNREACHABLE_CODE = YES;
				CLANG_WARN__DUPLICATE_METHOD_MATCH = YES;
				"CODE_SIGN_IDENTITY[sdk=iphoneos*]" = "iPhone Developer";
				COPY_PHASE_STRIP = YES;
				ENABLE_NS_ASSERTIONS = NO;
				ENABLE_STRICT_OBJC_MSGSEND = YES;
				GCC_C_LANGUAGE_STANDARD = gnu99;
				GCC_WARN_64_TO_32_BIT_CONVERSION = YES;
				GCC_WARN_ABOUT_RETURN_TYPE = YES_ERROR;
				GCC_WARN_UNDECLARED_SELECTOR = YES;
				GCC_WARN_UNINITIALIZED_AUTOS = YES_AGGRESSIVE;
				GCC_WARN_UNUSED_FUNCTION = YES;
				GCC_WARN_UNUSED_VARIABLE = YES;
				IPHONEOS_DEPLOYMENT_TARGET = 8.0;
				MTL_ENABLE_DEBUG_INFO = NO;
				SDKROOT = iphoneos;
				TARGETED_DEVICE_FAMILY = "1,2";
				VALIDATE_PRODUCT = YES;
			};
			name = Release;
		};
		77062EA419E5F42700186334 /* Debug */ = {
			isa = XCBuildConfiguration;
			buildSettings = {
				ASSETCATALOG_COMPILER_APPICON_NAME = AppIcon;
				INFOPLIST_FILE = ShareFile/Info.plist;
				LD_RUNPATH_SEARCH_PATHS = "$(inherited) @executable_path/Frameworks";
				OTHER_LDFLAGS = "-ObjC";
				PRODUCT_NAME = "$(TARGET_NAME)";
				USER_HEADER_SEARCH_PATHS = "";
			};
			name = Debug;
		};
		77062EA519E5F42700186334 /* Release */ = {
			isa = XCBuildConfiguration;
			buildSettings = {
				ASSETCATALOG_COMPILER_APPICON_NAME = AppIcon;
				INFOPLIST_FILE = ShareFile/Info.plist;
				LD_RUNPATH_SEARCH_PATHS = "$(inherited) @executable_path/Frameworks";
				OTHER_LDFLAGS = "-ObjC";
				PRODUCT_NAME = "$(TARGET_NAME)";
				USER_HEADER_SEARCH_PATHS = "";
			};
			name = Release;
		};
		77062EA719E5F42700186334 /* Debug */ = {
			isa = XCBuildConfiguration;
			buildSettings = {
				BUNDLE_LOADER = "$(TEST_HOST)";
				FRAMEWORK_SEARCH_PATHS = (
					"$(SDKROOT)/Developer/Library/Frameworks",
					"$(inherited)",
				);
				GCC_PREPROCESSOR_DEFINITIONS = (
					"DEBUG=1",
					"$(inherited)",
				);
				INFOPLIST_FILE = ShareFileTests/Info.plist;
				LD_RUNPATH_SEARCH_PATHS = "$(inherited) @executable_path/Frameworks @loader_path/Frameworks";
				PRODUCT_NAME = "$(TARGET_NAME)";
				TEST_HOST = "$(BUILT_PRODUCTS_DIR)/ShareFile.app/ShareFile";
			};
			name = Debug;
		};
		77062EA819E5F42700186334 /* Release */ = {
			isa = XCBuildConfiguration;
			buildSettings = {
				BUNDLE_LOADER = "$(TEST_HOST)";
				FRAMEWORK_SEARCH_PATHS = (
					"$(SDKROOT)/Developer/Library/Frameworks",
					"$(inherited)",
				);
				INFOPLIST_FILE = ShareFileTests/Info.plist;
				LD_RUNPATH_SEARCH_PATHS = "$(inherited) @executable_path/Frameworks @loader_path/Frameworks";
				PRODUCT_NAME = "$(TARGET_NAME)";
				TEST_HOST = "$(BUILT_PRODUCTS_DIR)/ShareFile.app/ShareFile";
			};
			name = Release;
		};
/* End XCBuildConfiguration section */

/* Begin XCConfigurationList section */
		77062E7B19E5F42700186334 /* Build configuration list for PBXProject "ShareFile" */ = {
			isa = XCConfigurationList;
			buildConfigurations = (
				77062EA119E5F42700186334 /* Debug */,
				77062EA219E5F42700186334 /* Release */,
			);
			defaultConfigurationIsVisible = 0;
			defaultConfigurationName = Release;
		};
		77062EA319E5F42700186334 /* Build configuration list for PBXNativeTarget "ShareFile" */ = {
			isa = XCConfigurationList;
			buildConfigurations = (
				77062EA419E5F42700186334 /* Debug */,
				77062EA519E5F42700186334 /* Release */,
			);
			defaultConfigurationIsVisible = 0;
			defaultConfigurationName = Release;
		};
		77062EA619E5F42700186334 /* Build configuration list for PBXNativeTarget "ShareFileTests" */ = {
			isa = XCConfigurationList;
			buildConfigurations = (
				77062EA719E5F42700186334 /* Debug */,
				77062EA819E5F42700186334 /* Release */,
			);
			defaultConfigurationIsVisible = 0;
			defaultConfigurationName = Release;
		};
/* End XCConfigurationList section */
	};
	rootObject = 77062E7819E5F42700186334 /* Project object */;
}
